
Microsoft Visual Studio Solution File, Format Version 12.00
# Visual Studio Version 17
VisualStudioVersion = 17.11.35312.102
MinimumVisualStudioVersion = 10.0.40219.1
Project("{FAE04EC0-301F-11D3-BF4B-00C04F79EFBC}") = "Holistic_Mission", "Holistic_Mission.csproj", "{EF490E46-3221-4045-B6D0-6E21F5F60F37}"
EndProject
Global
	GlobalSection(SolutionConfigurationPlatforms) = preSolution
		Debug|Any CPU = Debug|Any CPU
		Release|Any CPU = Release|Any CPU
	EndGlobalSection
	GlobalSection(ProjectConfigurationPlatforms) = postSolution
		{EF490E46-3221-4045-B6D0-6E21F5F60F37}.Debug|Any CPU.ActiveCfg = Debug|Any CPU
		{EF490E46-3221-4045-B6D0-6E21F5F60F37}.Debug|Any CPU.Build.0 = Debug|Any CPU
		{EF490E46-3221-4045-B6D0-6E21F5F60F37}.Release|Any CPU.ActiveCfg = Release|Any CPU
		{EF490E46-3221-4045-B6D0-6E21F5F60F37}.Release|Any CPU.Build.0 = Release|Any CPU
	EndGlobalSection
	GlobalSection(SolutionProperties) = preSolution
		HideSolutionNode = FALSE
	EndGlobalSection
	GlobalSection(ExtensibilityGlobals) = postSolution
		SolutionGuid = {D0AB8D75-8C4E-4DA7-8E99-1BFBD0007438}
	EndGlobalSection
EndGlobal
